
Microsoft Visual Studio Solution File, Format Version 12.00
# Visual Studio Version 17
VisualStudioVersion = 17.11.35219.272
MinimumVisualStudioVersion = 10.0.40219.1
Project("{FAE04EC0-301F-11D3-BF4B-00C04F79EFBC}") = "BlazorHtmlString.Generator", "BlazorHtmlString.Generator.csproj", "{C3CFFB68-4EE4-49E9-9546-B86CB70CD45F}"
EndProject
Global
	GlobalSection(SolutionConfigurationPlatforms) = preSolution
		Debug|Any CPU = Debug|Any CPU
		Release|Any CPU = Release|Any CPU
	EndGlobalSection
	GlobalSection(ProjectConfigurationPlatforms) = postSolution
		{C3CFFB68-4EE4-49E9-9546-B86CB70CD45F}.Debug|Any CPU.ActiveCfg = Debug|Any CPU
		{C3CFFB68-4EE4-49E9-9546-B86CB70CD45F}.Debug|Any CPU.Build.0 = Debug|Any CPU
		{C3CFFB68-4EE4-49E9-9546-B86CB70CD45F}.Release|Any CPU.ActiveCfg = Release|Any CPU
		{C3CFFB68-4EE4-49E9-9546-B86CB70CD45F}.Release|Any CPU.Build.0 = Release|Any CPU
	EndGlobalSection
	GlobalSection(SolutionProperties) = preSolution
		HideSolutionNode = FALSE
	EndGlobalSection
	GlobalSection(ExtensibilityGlobals) = postSolution
		SolutionGuid = {B8F597A0-7C94-407F-B676-2082A20864E7}
	EndGlobalSection
EndGlobal
